
Microsoft Visual Studio Solution File, Format Version 12.00
# Visual Studio Version 17
VisualStudioVersion = 17.7.34024.191
MinimumVisualStudioVersion = 10.0.40219.1
Project("{9A19103F-16F7-4668-BE54-9A1E7A4F7556}") = "SolucionesQuimicas", "SolucionesQuimicas\SolucionesQuimicas\SolucionesQuimicas.csproj", "{A81331A2-8B82-42F5-BED0-A0B7BDF7621F}"
EndProject
Project("{FAE04EC0-301F-11D3-BF4B-00C04F79EFBC}") = "Formularios", "Formularios\Formularios.csproj", "{1BBC95B6-912C-4FCE-B9F7-D9FF7F4F0C80}"
EndProject
Global
	GlobalSection(SolutionConfigurationPlatforms) = preSolution
		Debug|Any CPU = Debug|Any CPU
		Release|Any CPU = Release|Any CPU
	EndGlobalSection
	GlobalSection(ProjectConfigurationPlatforms) = postSolution
		{A81331A2-8B82-42F5-BED0-A0B7BDF7621F}.Debug|Any CPU.ActiveCfg = Debug|Any CPU
		{A81331A2-8B82-42F5-BED0-A0B7BDF7621F}.Debug|Any CPU.Build.0 = Debug|Any CPU
		{A81331A2-8B82-42F5-BED0-A0B7BDF7621F}.Release|Any CPU.ActiveCfg = Release|Any CPU
		{A81331A2-8B82-42F5-BED0-A0B7BDF7621F}.Release|Any CPU.Build.0 = Release|Any CPU
		{1BBC95B6-912C-4FCE-B9F7-D9FF7F4F0C80}.Debug|Any CPU.ActiveCfg = Debug|Any CPU
		{1BBC95B6-912C-4FCE-B9F7-D9FF7F4F0C80}.Debug|Any CPU.Build.0 = Debug|Any CPU
		{1BBC95B6-912C-4FCE-B9F7-D9FF7F4F0C80}.Release|Any CPU.ActiveCfg = Release|Any CPU
		{1BBC95B6-912C-4FCE-B9F7-D9FF7F4F0C80}.Release|Any CPU.Build.0 = Release|Any CPU
	EndGlobalSection
	GlobalSection(SolutionProperties) = preSolution
		HideSolutionNode = FALSE
	EndGlobalSection
	GlobalSection(ExtensibilityGlobals) = postSolution
		SolutionGuid = {D9FDDD8D-7CAD-4E6B-9A10-FC3302CAAAE1}
	EndGlobalSection
EndGlobal
